
Microsoft Visual Studio Solution File, Format Version 12.00
# Visual Studio 15
Project("{FAE04EC0-301F-11D3-BF4B-00C04F79EFBC}") = "TestApp.Android", "TestApp.Android\TestApp.Android.csproj", "{FFDC2876-DD3D-46B4-B12A-A2FA3B44DF64}"
EndProject
Project("{FAE04EC0-301F-11D3-BF4B-00C04F79EFBC}") = "TestApp.iOS", "TestApp.iOS\TestApp.iOS.csproj", "{BFD64395-4E8F-4C48-9109-499D8922AD24}"
EndProject
Project("{FAE04EC0-301F-11D3-BF4B-00C04F79EFBC}") = "TestApp", "TestApp\TestApp.csproj", "{4CF77751-6124-485A-8DAB-5DD6E8779147}"
EndProject
Global
	GlobalSection(SolutionConfigurationPlatforms) = preSolution
		Debug|Any CPU = Debug|Any CPU
		Release|Any CPU = Release|Any CPU
		Debug|iPhoneSimulator = Debug|iPhoneSimulator
		Release|iPhoneSimulator = Release|iPhoneSimulator
		Debug|iPhone = Debug|iPhone
		Release|iPhone = Release|iPhone
	EndGlobalSection
	GlobalSection(ProjectConfigurationPlatforms) = postSolution
		{FFDC2876-DD3D-46B4-B12A-A2FA3B44DF64}.Debug|Any CPU.ActiveCfg = Debug|Any CPU
		{FFDC2876-DD3D-46B4-B12A-A2FA3B44DF64}.Debug|Any CPU.Build.0 = Debug|Any CPU
		{FFDC2876-DD3D-46B4-B12A-A2FA3B44DF64}.Release|Any CPU.ActiveCfg = Release|Any CPU
		{FFDC2876-DD3D-46B4-B12A-A2FA3B44DF64}.Release|Any CPU.Build.0 = Release|Any CPU
		{FFDC2876-DD3D-46B4-B12A-A2FA3B44DF64}.Debug|iPhoneSimulator.ActiveCfg = Debug|Any CPU
		{FFDC2876-DD3D-46B4-B12A-A2FA3B44DF64}.Debug|iPhoneSimulator.Build.0 = Debug|Any CPU
		{FFDC2876-DD3D-46B4-B12A-A2FA3B44DF64}.Release|iPhoneSimulator.ActiveCfg = Release|Any CPU
		{FFDC2876-DD3D-46B4-B12A-A2FA3B44DF64}.Release|iPhoneSimulator.Build.0 = Release|Any CPU
		{FFDC2876-DD3D-46B4-B12A-A2FA3B44DF64}.Debug|iPhone.ActiveCfg = Debug|Any CPU
		{FFDC2876-DD3D-46B4-B12A-A2FA3B44DF64}.Debug|iPhone.Build.0 = Debug|Any CPU
		{FFDC2876-DD3D-46B4-B12A-A2FA3B44DF64}.Release|iPhone.ActiveCfg = Release|Any CPU
		{FFDC2876-DD3D-46B4-B12A-A2FA3B44DF64}.Release|iPhone.Build.0 = Release|Any CPU
		{BFD64395-4E8F-4C48-9109-499D8922AD24}.Debug|Any CPU.ActiveCfg = Debug|iPhoneSimulator
		{BFD64395-4E8F-4C48-9109-499D8922AD24}.Debug|Any CPU.Build.0 = Debug|iPhoneSimulator
		{BFD64395-4E8F-4C48-9109-499D8922AD24}.Release|Any CPU.ActiveCfg = Release|iPhoneSimulator
		{BFD64395-4E8F-4C48-9109-499D8922AD24}.Release|Any CPU.Build.0 = Release|iPhoneSimulator
		{BFD64395-4E8F-4C48-9109-499D8922AD24}.Debug|iPhoneSimulator.ActiveCfg = Debug|iPhoneSimulator
		{BFD64395-4E8F-4C48-9109-499D8922AD24}.Debug|iPhoneSimulator.Build.0 = Debug|iPhoneSimulator
		{BFD64395-4E8F-4C48-9109-499D8922AD24}.Release|iPhoneSimulator.ActiveCfg = Release|iPhoneSimulator
		{BFD64395-4E8F-4C48-9109-499D8922AD24}.Release|iPhoneSimulator.Build.0 = Release|iPhoneSimulator
		{BFD64395-4E8F-4C48-9109-499D8922AD24}.Debug|iPhone.ActiveCfg = Debug|iPhone
		{BFD64395-4E8F-4C48-9109-499D8922AD24}.Debug|iPhone.Build.0 = Debug|iPhone
		{BFD64395-4E8F-4C48-9109-499D8922AD24}.Release|iPhone.ActiveCfg = Release|iPhone
		{BFD64395-4E8F-4C48-9109-499D8922AD24}.Release|iPhone.Build.0 = Release|iPhone
		{4CF77751-6124-485A-8DAB-5DD6E8779147}.Debug|Any CPU.ActiveCfg = Debug|Any CPU
		{4CF77751-6124-485A-8DAB-5DD6E8779147}.Debug|Any CPU.Build.0 = Debug|Any CPU
		{4CF77751-6124-485A-8DAB-5DD6E8779147}.Release|Any CPU.ActiveCfg = Release|Any CPU
		{4CF77751-6124-485A-8DAB-5DD6E8779147}.Release|Any CPU.Build.0 = Release|Any CPU
		{4CF77751-6124-485A-8DAB-5DD6E8779147}.Debug|iPhoneSimulator.ActiveCfg = Debug|Any CPU
		{4CF77751-6124-485A-8DAB-5DD6E8779147}.Debug|iPhoneSimulator.Build.0 = Debug|Any CPU
		{4CF77751-6124-485A-8DAB-5DD6E8779147}.Release|iPhoneSimulator.ActiveCfg = Release|Any CPU
		{4CF77751-6124-485A-8DAB-5DD6E8779147}.Release|iPhoneSimulator.Build.0 = Release|Any CPU
		{4CF77751-6124-485A-8DAB-5DD6E8779147}.Debug|iPhone.ActiveCfg = Debug|Any CPU
		{4CF77751-6124-485A-8DAB-5DD6E8779147}.Debug|iPhone.Build.0 = Debug|Any CPU
		{4CF77751-6124-485A-8DAB-5DD6E8779147}.Release|iPhone.ActiveCfg = Release|Any CPU
		{4CF77751-6124-485A-8DAB-5DD6E8779147}.Release|iPhone.Build.0 = Release|Any CPU
	EndGlobalSection
EndGlobal
